
Microsoft Visual Studio Solution File, Format Version 12.00
Project("{FAE04EC0-301F-11D3-BF4B-00C04F79EFBC}") = "qSolutionsTask", "qSolutionsTask\qSolutionsTask.csproj", "{9C0ECC68-C7FA-477E-8E25-9ACA98148F9A}"
EndProject
Global
	GlobalSection(SolutionConfigurationPlatforms) = preSolution
		Debug|Any CPU = Debug|Any CPU
		Release|Any CPU = Release|Any CPU
	EndGlobalSection
	GlobalSection(ProjectConfigurationPlatforms) = postSolution
		{9C0ECC68-C7FA-477E-8E25-9ACA98148F9A}.Debug|Any CPU.ActiveCfg = Debug|Any CPU
		{9C0ECC68-C7FA-477E-8E25-9ACA98148F9A}.Debug|Any CPU.Build.0 = Debug|Any CPU
		{9C0ECC68-C7FA-477E-8E25-9ACA98148F9A}.Release|Any CPU.ActiveCfg = Release|Any CPU
		{9C0ECC68-C7FA-477E-8E25-9ACA98148F9A}.Release|Any CPU.Build.0 = Release|Any CPU
	EndGlobalSection
EndGlobal
